// !$*UTF8*$!
{
	archiveVersion = 1;
	classes = {
	};
	objectVersion = 50;
	objects = {

/* Begin PBXBuildFile section */
		0A05F72E2270457100F72B62 /* AboutScreen.storyboard in Resources */ = {isa = PBXBuildFile; fileRef = 0A05F72D2270457100F72B62 /* AboutScreen.storyboard */; };
		0A05F7302270476F00F72B62 /* STAboutVC.swift in Sources */ = {isa = PBXBuildFile; fileRef = 0A05F72F2270476F00F72B62 /* STAboutVC.swift */; };
		0A05F73422704D2E00F72B62 /* STBookmarksVC.swift in Sources */ = {isa = PBXBuildFile; fileRef = 0A05F73322704D2E00F72B62 /* STBookmarksVC.swift */; };
		0A05F7362270685A00F72B62 /* STTranslationView.swift in Sources */ = {isa = PBXBuildFile; fileRef = 0A05F7352270685A00F72B62 /* STTranslationView.swift */; };
		0A05F739227068A800F72B62 /* STTranslation.swift in Sources */ = {isa = PBXBuildFile; fileRef = 0A05F738227068A800F72B62 /* STTranslation.swift */; };
		0A13093E222A749C0098433D /* AppDelegate.swift in Sources */ = {isa = PBXBuildFile; fileRef = 0A13093D222A749C0098433D /* AppDelegate.swift */; };
		0A130945222A749E0098433D /* Images.xcassets in Resources */ = {isa = PBXBuildFile; fileRef = 0A130944222A749E0098433D /* Images.xcassets */; };
		0A130948222A749E0098433D /* LaunchScreen.storyboard in Resources */ = {isa = PBXBuildFile; fileRef = 0A130946222A749E0098433D /* LaunchScreen.storyboard */; };
		0A130953222A749E0098433D /* SpeakThruTests.swift in Sources */ = {isa = PBXBuildFile; fileRef = 0A130952222A749E0098433D /* SpeakThruTests.swift */; };
		0A280105223309F00087C228 /* STMainVC.swift in Sources */ = {isa = PBXBuildFile; fileRef = 0A280104223309F00087C228 /* STMainVC.swift */; };
		0A68FA79227AE85500E9414E /* GoogleService-Info.plist in Resources */ = {isa = PBXBuildFile; fileRef = 0A68FA78227AE85500E9414E /* GoogleService-Info.plist */; };
		0A759E0B226F36A300497CA6 /* Rationale-Regular.ttf in Resources */ = {isa = PBXBuildFile; fileRef = 0A2801032233079E0087C228 /* Rationale-Regular.ttf */; };
		0A9AAECA22708C3F009CF722 /* UITextView+CenterVertically.swift in Sources */ = {isa = PBXBuildFile; fileRef = 0A9AAEC922708C3F009CF722 /* UITextView+CenterVertically.swift */; };
		0AD1E1F02233A96900FE7101 /* STFirebaseManager.swift in Sources */ = {isa = PBXBuildFile; fileRef = 0AD1E1EF2233A96900FE7101 /* STFirebaseManager.swift */; };
		0AD1E1F22233A9CA00FE7101 /* STAppContext.swift in Sources */ = {isa = PBXBuildFile; fileRef = 0AD1E1F12233A9CA00FE7101 /* STAppContext.swift */; };
		0AD1E1F42233AA9D00FE7101 /* STApp.swift in Sources */ = {isa = PBXBuildFile; fileRef = 0AD1E1F32233AA9D00FE7101 /* STApp.swift */; };
		0AD1E1F72233AE1000FE7101 /* STRouter.swift in Sources */ = {isa = PBXBuildFile; fileRef = 0AD1E1F62233AE1000FE7101 /* STRouter.swift */; };
		0AD1E1FC2233B53C00FE7101 /* STButton.swift in Sources */ = {isa = PBXBuildFile; fileRef = 0AD1E1FB2233B53C00FE7101 /* STButton.swift */; };
		0AD1E1FE2233B6C100FE7101 /* STRouting.swift in Sources */ = {isa = PBXBuildFile; fileRef = 0AD1E1FD2233B6C100FE7101 /* STRouting.swift */; };
		0ADDF696227AF9EB00F5B50A /* STGoogleTranslator.swift in Sources */ = {isa = PBXBuildFile; fileRef = 0ADDF695227AF9EB00F5B50A /* STGoogleTranslator.swift */; };
		0ADDF698227B2FBB00F5B50A /* STSettingsViewModel.swift in Sources */ = {isa = PBXBuildFile; fileRef = 0ADDF697227B2FBB00F5B50A /* STSettingsViewModel.swift */; };
		0AEDBBA122514B75000CE43F /* STStyleKit.swift in Sources */ = {isa = PBXBuildFile; fileRef = 0AEDBBA022514B75000CE43F /* STStyleKit.swift */; };
		0AEDBBA322514E45000CE43F /* STSettingsVC.swift in Sources */ = {isa = PBXBuildFile; fileRef = 0AEDBBA222514E45000CE43F /* STSettingsVC.swift */; };
		0AF0DC7222719E5B00158E8F /* STDatabase.swift in Sources */ = {isa = PBXBuildFile; fileRef = 0AF0DC7122719E5B00158E8F /* STDatabase.swift */; };
		0AF0DC742271C53A00158E8F /* STCameraController.swift in Sources */ = {isa = PBXBuildFile; fileRef = 0AF0DC732271C53A00158E8F /* STCameraController.swift */; };
		0AF0DC762271D11E00158E8F /* STFirebaseRecognizer.swift in Sources */ = {isa = PBXBuildFile; fileRef = 0AF0DC752271D11E00158E8F /* STFirebaseRecognizer.swift */; };
		4A29AAAB7A8E5ECB405F1F34 /* Pods_SpeakThru.framework in Frameworks */ = {isa = PBXBuildFile; fileRef = FCF1108AC15768D0CB235D76 /* Pods_SpeakThru.framework */; };
		508290961A63AB414B6CA813 /* Pods_SpeakThruTests.framework in Frameworks */ = {isa = PBXBuildFile; fileRef = 5F3361E05BF9FC5480081ECF /* Pods_SpeakThruTests.framework */; };
/* End PBXBuildFile section */

/* Begin PBXContainerItemProxy section */
		0A13094F222A749E0098433D /* PBXContainerItemProxy */ = {
			isa = PBXContainerItemProxy;
			containerPortal = 0A130932222A749C0098433D /* Project object */;
			proxyType = 1;
			remoteGlobalIDString = 0A130939222A749C0098433D;
			remoteInfo = SpeakThru;
		};
/* End PBXContainerItemProxy section */

/* Begin PBXFileReference section */
		0A05F72D2270457100F72B62 /* AboutScreen.storyboard */ = {isa = PBXFileReference; lastKnownFileType = file.storyboard; path = AboutScreen.storyboard; sourceTree = "<group>"; };
		0A05F72F2270476F00F72B62 /* STAboutVC.swift */ = {isa = PBXFileReference; lastKnownFileType = sourcecode.swift; path = STAboutVC.swift; sourceTree = "<group>"; };
		0A05F73322704D2E00F72B62 /* STBookmarksVC.swift */ = {isa = PBXFileReference; lastKnownFileType = sourcecode.swift; path = STBookmarksVC.swift; sourceTree = "<group>"; };
		0A05F7352270685A00F72B62 /* STTranslationView.swift */ = {isa = PBXFileReference; lastKnownFileType = sourcecode.swift; path = STTranslationView.swift; sourceTree = "<group>"; };
		0A05F738227068A800F72B62 /* STTranslation.swift */ = {isa = PBXFileReference; lastKnownFileType = sourcecode.swift; path = STTranslation.swift; sourceTree = "<group>"; };
		0A13093A222A749C0098433D /* SpeakThru.app */ = {isa = PBXFileReference; explicitFileType = wrapper.application; includeInIndex = 0; path = SpeakThru.app; sourceTree = BUILT_PRODUCTS_DIR; };
		0A13093D222A749C0098433D /* AppDelegate.swift */ = {isa = PBXFileReference; lastKnownFileType = sourcecode.swift; path = AppDelegate.swift; sourceTree = "<group>"; };
		0A130944222A749E0098433D /* Images.xcassets */ = {isa = PBXFileReference; lastKnownFileType = folder.assetcatalog; path = Images.xcassets; sourceTree = "<group>"; };
		0A130947222A749E0098433D /* Base */ = {isa = PBXFileReference; lastKnownFileType = file.storyboard; name = Base; path = Base.lproj/LaunchScreen.storyboard; sourceTree = "<group>"; };
		0A130949222A749E0098433D /* Info.plist */ = {isa = PBXFileReference; lastKnownFileType = text.plist.xml; path = Info.plist; sourceTree = "<group>"; };
		0A13094E222A749E0098433D /* SpeakThruTests.xctest */ = {isa = PBXFileReference; explicitFileType = wrapper.cfbundle; includeInIndex = 0; path = SpeakThruTests.xctest; sourceTree = BUILT_PRODUCTS_DIR; };
		0A130952222A749E0098433D /* SpeakThruTests.swift */ = {isa = PBXFileReference; lastKnownFileType = sourcecode.swift; path = SpeakThruTests.swift; sourceTree = "<group>"; };
		0A130954222A749E0098433D /* Info.plist */ = {isa = PBXFileReference; lastKnownFileType = text.plist.xml; path = Info.plist; sourceTree = "<group>"; };
		0A2801032233079E0087C228 /* Rationale-Regular.ttf */ = {isa = PBXFileReference; lastKnownFileType = file; path = "Rationale-Regular.ttf"; sourceTree = "<group>"; };
		0A280104223309F00087C228 /* STMainVC.swift */ = {isa = PBXFileReference; lastKnownFileType = sourcecode.swift; path = STMainVC.swift; sourceTree = "<group>"; };
		0A68FA78227AE85500E9414E /* GoogleService-Info.plist */ = {isa = PBXFileReference; fileEncoding = 4; lastKnownFileType = text.plist.xml; path = "GoogleService-Info.plist"; sourceTree = "<group>"; };
		0A9AAEC922708C3F009CF722 /* UITextView+CenterVertically.swift */ = {isa = PBXFileReference; lastKnownFileType = sourcecode.swift; path = "UITextView+CenterVertically.swift"; sourceTree = "<group>"; };
		0AD1E1EF2233A96900FE7101 /* STFirebaseManager.swift */ = {isa = PBXFileReference; lastKnownFileType = sourcecode.swift; path = STFirebaseManager.swift; sourceTree = "<group>"; };
		0AD1E1F12233A9CA00FE7101 /* STAppContext.swift */ = {isa = PBXFileReference; lastKnownFileType = sourcecode.swift; path = STAppContext.swift; sourceTree = "<group>"; };
		0AD1E1F32233AA9D00FE7101 /* STApp.swift */ = {isa = PBXFileReference; lastKnownFileType = sourcecode.swift; path = STApp.swift; sourceTree = "<group>"; };
		0AD1E1F62233AE1000FE7101 /* STRouter.swift */ = {isa = PBXFileReference; lastKnownFileType = sourcecode.swift; path = STRouter.swift; sourceTree = "<group>"; };
		0AD1E1FB2233B53C00FE7101 /* STButton.swift */ = {isa = PBXFileReference; lastKnownFileType = sourcecode.swift; path = STButton.swift; sourceTree = "<group>"; };
		0AD1E1FD2233B6C100FE7101 /* STRouting.swift */ = {isa = PBXFileReference; lastKnownFileType = sourcecode.swift; path = STRouting.swift; sourceTree = "<group>"; };
		0ADDF695227AF9EB00F5B50A /* STGoogleTranslator.swift */ = {isa = PBXFileReference; lastKnownFileType = sourcecode.swift; path = STGoogleTranslator.swift; sourceTree = "<group>"; };
		0ADDF697227B2FBB00F5B50A /* STSettingsViewModel.swift */ = {isa = PBXFileReference; lastKnownFileType = sourcecode.swift; path = STSettingsViewModel.swift; sourceTree = "<group>"; };
		0AEDBBA022514B75000CE43F /* STStyleKit.swift */ = {isa = PBXFileReference; lastKnownFileType = sourcecode.swift; path = STStyleKit.swift; sourceTree = "<group>"; };
		0AEDBBA222514E45000CE43F /* STSettingsVC.swift */ = {isa = PBXFileReference; lastKnownFileType = sourcecode.swift; path = STSettingsVC.swift; sourceTree = "<group>"; };
		0AF0DC7122719E5B00158E8F /* STDatabase.swift */ = {isa = PBXFileReference; lastKnownFileType = sourcecode.swift; path = STDatabase.swift; sourceTree = "<group>"; };
		0AF0DC732271C53A00158E8F /* STCameraController.swift */ = {isa = PBXFileReference; lastKnownFileType = sourcecode.swift; path = STCameraController.swift; sourceTree = "<group>"; };
		0AF0DC752271D11E00158E8F /* STFirebaseRecognizer.swift */ = {isa = PBXFileReference; lastKnownFileType = sourcecode.swift; path = STFirebaseRecognizer.swift; sourceTree = "<group>"; };
		475F318D136623AD2DBAC4CC /* Pods-SpeakThru.debug.xcconfig */ = {isa = PBXFileReference; includeInIndex = 1; lastKnownFileType = text.xcconfig; name = "Pods-SpeakThru.debug.xcconfig"; path = "Pods/Target Support Files/Pods-SpeakThru/Pods-SpeakThru.debug.xcconfig"; sourceTree = "<group>"; };
		5F3361E05BF9FC5480081ECF /* Pods_SpeakThruTests.framework */ = {isa = PBXFileReference; explicitFileType = wrapper.framework; includeInIndex = 0; path = Pods_SpeakThruTests.framework; sourceTree = BUILT_PRODUCTS_DIR; };
		948F426638F81E8F47511E1C /* Pods-SpeakThru.release.xcconfig */ = {isa = PBXFileReference; includeInIndex = 1; lastKnownFileType = text.xcconfig; name = "Pods-SpeakThru.release.xcconfig"; path = "Pods/Target Support Files/Pods-SpeakThru/Pods-SpeakThru.release.xcconfig"; sourceTree = "<group>"; };
		DFA2F102ED919490BEE11BC7 /* Pods-SpeakThruTests.debug.xcconfig */ = {isa = PBXFileReference; includeInIndex = 1; lastKnownFileType = text.xcconfig; name = "Pods-SpeakThruTests.debug.xcconfig"; path = "Pods/Target Support Files/Pods-SpeakThruTests/Pods-SpeakThruTests.debug.xcconfig"; sourceTree = "<group>"; };
		F3C936CB57BB27C8E68F2566 /* Pods-SpeakThruTests.release.xcconfig */ = {isa = PBXFileReference; includeInIndex = 1; lastKnownFileType = text.xcconfig; name = "Pods-SpeakThruTests.release.xcconfig"; path = "Pods/Target Support Files/Pods-SpeakThruTests/Pods-SpeakThruTests.release.xcconfig"; sourceTree = "<group>"; };
		FCF1108AC15768D0CB235D76 /* Pods_SpeakThru.framework */ = {isa = PBXFileReference; explicitFileType = wrapper.framework; includeInIndex = 0; path = Pods_SpeakThru.framework; sourceTree = BUILT_PRODUCTS_DIR; };
/* End PBXFileReference section */

/* Begin PBXFrameworksBuildPhase section */
		0A130937222A749C0098433D /* Frameworks */ = {
			isa = PBXFrameworksBuildPhase;
			buildActionMask = 2147483647;
			files = (
				4A29AAAB7A8E5ECB405F1F34 /* Pods_SpeakThru.framework in Frameworks */,
			);
			runOnlyForDeploymentPostprocessing = 0;
		};
		0A13094B222A749E0098433D /* Frameworks */ = {
			isa = PBXFrameworksBuildPhase;
			buildActionMask = 2147483647;
			files = (
				508290961A63AB414B6CA813 /* Pods_SpeakThruTests.framework in Frameworks */,
			);
			runOnlyForDeploymentPostprocessing = 0;
		};
/* End PBXFrameworksBuildPhase section */

/* Begin PBXGroup section */
		0A05F7372270688200F72B62 /* Data */ = {
			isa = PBXGroup;
			children = (
				0A05F738227068A800F72B62 /* STTranslation.swift */,
				0ADDF697227B2FBB00F5B50A /* STSettingsViewModel.swift */,
			);
			path = Data;
			sourceTree = "<group>";
		};
		0A130931222A749C0098433D = {
			isa = PBXGroup;
			children = (
				0A13093C222A749C0098433D /* SpeakThru */,
				0A130951222A749E0098433D /* SpeakThruTests */,
				0A13093B222A749C0098433D /* Products */,
				92A4BF70C2355AD957B395DB /* Pods */,
				5788000CE78208F9C8E7E5DF /* Frameworks */,
			);
			sourceTree = "<group>";
		};
		0A13093B222A749C0098433D /* Products */ = {
			isa = PBXGroup;
			children = (
				0A13093A222A749C0098433D /* SpeakThru.app */,
				0A13094E222A749E0098433D /* SpeakThruTests.xctest */,
			);
			name = Products;
			sourceTree = "<group>";
		};
		0A13093C222A749C0098433D /* SpeakThru */ = {
			isa = PBXGroup;
			children = (
				0A130949222A749E0098433D /* Info.plist */,
				0A68FA78227AE85500E9414E /* GoogleService-Info.plist */,
				0A13093D222A749C0098433D /* AppDelegate.swift */,
				0A05F7372270688200F72B62 /* Data */,
				0AD1E1F52233AD7400FE7101 /* STCore */,
				0ADDF699227B2FCC00F5B50A /* STAppDependentCore */,
				0AD1E1EE2233A93D00FE7101 /* Network */,
				0A13095E222A78130098433D /* ViewControllers */,
				0A13095F222A782B0098433D /* Misc */,
				0AD1E1FA2233B51A00FE7101 /* UI */,
				0A13095D222A77FC0098433D /* Resources */,
			);
			path = SpeakThru;
			sourceTree = "<group>";
		};
		0A130951222A749E0098433D /* SpeakThruTests */ = {
			isa = PBXGroup;
			children = (
				0A130952222A749E0098433D /* SpeakThruTests.swift */,
				0A130954222A749E0098433D /* Info.plist */,
			);
			path = SpeakThruTests;
			sourceTree = "<group>";
		};
		0A13095D222A77FC0098433D /* Resources */ = {
			isa = PBXGroup;
			children = (
				0A2801012233070C0087C228 /* Fonts */,
				0A130944222A749E0098433D /* Images.xcassets */,
			);
			path = Resources;
			sourceTree = "<group>";
		};
		0A13095E222A78130098433D /* ViewControllers */ = {
			isa = PBXGroup;
			children = (
				0A280104223309F00087C228 /* STMainVC.swift */,
				0AEDBBA222514E45000CE43F /* STSettingsVC.swift */,
				0A05F72F2270476F00F72B62 /* STAboutVC.swift */,
				0A05F73322704D2E00F72B62 /* STBookmarksVC.swift */,
			);
			path = ViewControllers;
			sourceTree = "<group>";
		};
		0A13095F222A782B0098433D /* Misc */ = {
			isa = PBXGroup;
			children = (
				0A130946222A749E0098433D /* LaunchScreen.storyboard */,
				0A05F72D2270457100F72B62 /* AboutScreen.storyboard */,
				0A9AAEC922708C3F009CF722 /* UITextView+CenterVertically.swift */,
			);
			path = Misc;
			sourceTree = "<group>";
		};
		0A2801012233070C0087C228 /* Fonts */ = {
			isa = PBXGroup;
			children = (
				0A2801022233077D0087C228 /* Rationale */,
			);
			path = Fonts;
			sourceTree = "<group>";
		};
		0A2801022233077D0087C228 /* Rationale */ = {
			isa = PBXGroup;
			children = (
				0A2801032233079E0087C228 /* Rationale-Regular.ttf */,
			);
			path = Rationale;
			sourceTree = "<group>";
		};
		0AD1E1EE2233A93D00FE7101 /* Network */ = {
			isa = PBXGroup;
			children = (
				0AD1E1EF2233A96900FE7101 /* STFirebaseManager.swift */,
			);
			path = Network;
			sourceTree = "<group>";
		};
		0AD1E1F52233AD7400FE7101 /* STCore */ = {
			isa = PBXGroup;
			children = (
				0AD1E1F32233AA9D00FE7101 /* STApp.swift */,
				0AD1E1F12233A9CA00FE7101 /* STAppContext.swift */,
				0AD1E1F62233AE1000FE7101 /* STRouter.swift */,
				0AD1E1FD2233B6C100FE7101 /* STRouting.swift */,
				0AF0DC732271C53A00158E8F /* STCameraController.swift */,
				0AF0DC752271D11E00158E8F /* STFirebaseRecognizer.swift */,
				0ADDF695227AF9EB00F5B50A /* STGoogleTranslator.swift */,
			);
			path = STCore;
			sourceTree = "<group>";
		};
		0AD1E1FA2233B51A00FE7101 /* UI */ = {
			isa = PBXGroup;
			children = (
				0AD1E1FB2233B53C00FE7101 /* STButton.swift */,
				0A05F7352270685A00F72B62 /* STTranslationView.swift */,
			);
			path = UI;
			sourceTree = "<group>";
		};
		0ADDF699227B2FCC00F5B50A /* STAppDependentCore */ = {
			isa = PBXGroup;
			children = (
				0AEDBBA022514B75000CE43F /* STStyleKit.swift */,
				0AF0DC7122719E5B00158E8F /* STDatabase.swift */,
			);
			path = STAppDependentCore;
			sourceTree = "<group>";
		};
		5788000CE78208F9C8E7E5DF /* Frameworks */ = {
			isa = PBXGroup;
			children = (
				FCF1108AC15768D0CB235D76 /* Pods_SpeakThru.framework */,
				5F3361E05BF9FC5480081ECF /* Pods_SpeakThruTests.framework */,
			);
			name = Frameworks;
			sourceTree = "<group>";
		};
		92A4BF70C2355AD957B395DB /* Pods */ = {
			isa = PBXGroup;
			children = (
				475F318D136623AD2DBAC4CC /* Pods-SpeakThru.debug.xcconfig */,
				948F426638F81E8F47511E1C /* Pods-SpeakThru.release.xcconfig */,
				DFA2F102ED919490BEE11BC7 /* Pods-SpeakThruTests.debug.xcconfig */,
				F3C936CB57BB27C8E68F2566 /* Pods-SpeakThruTests.release.xcconfig */,
			);
			name = Pods;
			sourceTree = "<group>";
		};
/* End PBXGroup section */

/* Begin PBXNativeTarget section */
		0A130939222A749C0098433D /* SpeakThru */ = {
			isa = PBXNativeTarget;
			buildConfigurationList = 0A130957222A749E0098433D /* Build configuration list for PBXNativeTarget "SpeakThru" */;
			buildPhases = (
				190263B774098C0AC9356356 /* [CP] Check Pods Manifest.lock */,
				0A130936222A749C0098433D /* Sources */,
				0A130937222A749C0098433D /* Frameworks */,
				0A130938222A749C0098433D /* Resources */,
				929635C9B3FE89E61C0F84C9 /* [CP] Embed Pods Frameworks */,
				EAEFD65DE601D67284CB7D33 /* [CP] Copy Pods Resources */,
			);
			buildRules = (
			);
			dependencies = (
			);
			name = SpeakThru;
			productName = SpeakThru;
			productReference = 0A13093A222A749C0098433D /* SpeakThru.app */;
			productType = "com.apple.product-type.application";
		};
		0A13094D222A749E0098433D /* SpeakThruTests */ = {
			isa = PBXNativeTarget;
			buildConfigurationList = 0A13095A222A749E0098433D /* Build configuration list for PBXNativeTarget "SpeakThruTests" */;
			buildPhases = (
				3673B8DD2A758A7350BAA612 /* [CP] Check Pods Manifest.lock */,
				0A13094A222A749E0098433D /* Sources */,
				0A13094B222A749E0098433D /* Frameworks */,
				0A13094C222A749E0098433D /* Resources */,
			);
			buildRules = (
			);
			dependencies = (
				0A130950222A749E0098433D /* PBXTargetDependency */,
			);
			name = SpeakThruTests;
			productName = SpeakThruTests;
			productReference = 0A13094E222A749E0098433D /* SpeakThruTests.xctest */;
			productType = "com.apple.product-type.bundle.unit-test";
		};
/* End PBXNativeTarget section */

/* Begin PBXProject section */
		0A130932222A749C0098433D /* Project object */ = {
			isa = PBXProject;
			attributes = {
				CLASSPREFIX = ST;
				LastSwiftUpdateCheck = 1000;
				LastUpgradeCheck = 1000;
				ORGANIZATIONNAME = klabertants;
				TargetAttributes = {
					0A130939222A749C0098433D = {
						CreatedOnToolsVersion = 10.0;
					};
					0A13094D222A749E0098433D = {
						CreatedOnToolsVersion = 10.0;
						TestTargetID = 0A130939222A749C0098433D;
					};
				};
			};
			buildConfigurationList = 0A130935222A749C0098433D /* Build configuration list for PBXProject "SpeakThru" */;
			compatibilityVersion = "Xcode 9.3";
			developmentRegion = en;
			hasScannedForEncodings = 0;
			knownRegions = (
				en,
				Base,
			);
			mainGroup = 0A130931222A749C0098433D;
			productRefGroup = 0A13093B222A749C0098433D /* Products */;
			projectDirPath = "";
			projectRoot = "";
			targets = (
				0A130939222A749C0098433D /* SpeakThru */,
				0A13094D222A749E0098433D /* SpeakThruTests */,
			);
		};
/* End PBXProject section */

/* Begin PBXResourcesBuildPhase section */
		0A130938222A749C0098433D /* Resources */ = {
			isa = PBXResourcesBuildPhase;
			buildActionMask = 2147483647;
			files = (
				0A130948222A749E0098433D /* LaunchScreen.storyboard in Resources */,
				0A130945222A749E0098433D /* Images.xcassets in Resources */,
				0A68FA79227AE85500E9414E /* GoogleService-Info.plist in Resources */,
				0A05F72E2270457100F72B62 /* AboutScreen.storyboard in Resources */,
				0A759E0B226F36A300497CA6 /* Rationale-Regular.ttf in Resources */,
			);
			runOnlyForDeploymentPostprocessing = 0;
		};
		0A13094C222A749E0098433D /* Resources */ = {
			isa = PBXResourcesBuildPhase;
			buildActionMask = 2147483647;
			files = (
			);
			runOnlyForDeploymentPostprocessing = 0;
		};
/* End PBXResourcesBuildPhase section */

/* Begin PBXShellScriptBuildPhase section */
		190263B774098C0AC9356356 /* [CP] Check Pods Manifest.lock */ = {
			isa = PBXShellScriptBuildPhase;
			buildActionMask = 2147483647;
			files = (
			);
			inputPaths = (
				"${PODS_PODFILE_DIR_PATH}/Podfile.lock",
				"${PODS_ROOT}/Manifest.lock",
			);
			name = "[CP] Check Pods Manifest.lock";
			outputPaths = (
				"$(DERIVED_FILE_DIR)/Pods-SpeakThru-checkManifestLockResult.txt",
			);
			runOnlyForDeploymentPostprocessing = 0;
			shellPath = /bin/sh;
			shellScript = "diff \"${PODS_PODFILE_DIR_PATH}/Podfile.lock\" \"${PODS_ROOT}/Manifest.lock\" > /dev/null\nif [ $? != 0 ] ; then\n    # print error to STDERR\n    echo \"error: The sandbox is not in sync with the Podfile.lock. Run 'pod install' or update your CocoaPods installation.\" >&2\n    exit 1\nfi\n# This output is used by Xcode 'outputs' to avoid re-running this script phase.\necho \"SUCCESS\" > \"${SCRIPT_OUTPUT_FILE_0}\"\n";
			showEnvVarsInLog = 0;
		};
		3673B8DD2A758A7350BAA612 /* [CP] Check Pods Manifest.lock */ = {
			isa = PBXShellScriptBuildPhase;
			buildActionMask = 2147483647;
			files = (
			);
			inputPaths = (
				"${PODS_PODFILE_DIR_PATH}/Podfile.lock",
				"${PODS_ROOT}/Manifest.lock",
			);
			name = "[CP] Check Pods Manifest.lock";
			outputPaths = (
				"$(DERIVED_FILE_DIR)/Pods-SpeakThruTests-checkManifestLockResult.txt",
			);
			runOnlyForDeploymentPostprocessing = 0;
			shellPath = /bin/sh;
			shellScript = "diff \"${PODS_PODFILE_DIR_PATH}/Podfile.lock\" \"${PODS_ROOT}/Manifest.lock\" > /dev/null\nif [ $? != 0 ] ; then\n    # print error to STDERR\n    echo \"error: The sandbox is not in sync with the Podfile.lock. Run 'pod install' or update your CocoaPods installation.\" >&2\n    exit 1\nfi\n# This output is used by Xcode 'outputs' to avoid re-running this script phase.\necho \"SUCCESS\" > \"${SCRIPT_OUTPUT_FILE_0}\"\n";
			showEnvVarsInLog = 0;
		};
		929635C9B3FE89E61C0F84C9 /* [CP] Embed Pods Frameworks */ = {
			isa = PBXShellScriptBuildPhase;
			buildActionMask = 2147483647;
			files = (
			);
			inputPaths = (
				"${SRCROOT}/Pods/Target Support Files/Pods-SpeakThru/Pods-SpeakThru-frameworks.sh",
				"${BUILT_PRODUCTS_DIR}/GTMSessionFetcher/GTMSessionFetcher.framework",
				"${BUILT_PRODUCTS_DIR}/GoogleAPIClientForREST/GoogleAPIClientForREST.framework",
				"${BUILT_PRODUCTS_DIR}/GoogleToolboxForMac/GoogleToolboxForMac.framework",
				"${BUILT_PRODUCTS_DIR}/GoogleUtilities/GoogleUtilities.framework",
				"${BUILT_PRODUCTS_DIR}/Koloda/Koloda.framework",
				"${BUILT_PRODUCTS_DIR}/Protobuf/Protobuf.framework",
				"${BUILT_PRODUCTS_DIR}/Toast-Swift/Toast_Swift.framework",
				"${BUILT_PRODUCTS_DIR}/nanopb/nanopb.framework",
				"${BUILT_PRODUCTS_DIR}/pop/pop.framework",
			);
			name = "[CP] Embed Pods Frameworks";
			outputPaths = (
				"${TARGET_BUILD_DIR}/${FRAMEWORKS_FOLDER_PATH}/GTMSessionFetcher.framework",
				"${TARGET_BUILD_DIR}/${FRAMEWORKS_FOLDER_PATH}/GoogleAPIClientForREST.framework",
				"${TARGET_BUILD_DIR}/${FRAMEWORKS_FOLDER_PATH}/GoogleToolboxForMac.framework",
				"${TARGET_BUILD_DIR}/${FRAMEWORKS_FOLDER_PATH}/GoogleUtilities.framework",
				"${TARGET_BUILD_DIR}/${FRAMEWORKS_FOLDER_PATH}/Koloda.framework",
				"${TARGET_BUILD_DIR}/${FRAMEWORKS_FOLDER_PATH}/Protobuf.framework",
				"${TARGET_BUILD_DIR}/${FRAMEWORKS_FOLDER_PATH}/Toast_Swift.framework",
				"${TARGET_BUILD_DIR}/${FRAMEWORKS_FOLDER_PATH}/nanopb.framework",
				"${TARGET_BUILD_DIR}/${FRAMEWORKS_FOLDER_PATH}/pop.framework",
			);
			runOnlyForDeploymentPostprocessing = 0;
			shellPath = /bin/sh;
			shellScript = "\"${SRCROOT}/Pods/Target Support Files/Pods-SpeakThru/Pods-SpeakThru-frameworks.sh\"\n";
			showEnvVarsInLog = 0;
		};
		EAEFD65DE601D67284CB7D33 /* [CP] Copy Pods Resources */ = {
			isa = PBXShellScriptBuildPhase;
			buildActionMask = 2147483647;
			files = (
			);
			inputPaths = (
				"${SRCROOT}/Pods/Target Support Files/Pods-SpeakThru/Pods-SpeakThru-resources.sh",
				"${PODS_CONFIGURATION_BUILD_DIR}/GoogleMobileVision/GoogleMVTextDetectorResources.bundle",
			);
			name = "[CP] Copy Pods Resources";
			outputPaths = (
				"${TARGET_BUILD_DIR}/${UNLOCALIZED_RESOURCES_FOLDER_PATH}/GoogleMVTextDetectorResources.bundle",
			);
			runOnlyForDeploymentPostprocessing = 0;
			shellPath = /bin/sh;
			shellScript = "\"${SRCROOT}/Pods/Target Support Files/Pods-SpeakThru/Pods-SpeakThru-resources.sh\"\n";
			showEnvVarsInLog = 0;
		};
/* End PBXShellScriptBuildPhase section */

/* Begin PBXSourcesBuildPhase section */
		0A130936222A749C0098433D /* Sources */ = {
			isa = PBXSourcesBuildPhase;
			buildActionMask = 2147483647;
			files = (
				0A9AAECA22708C3F009CF722 /* UITextView+CenterVertically.swift in Sources */,
				0AF0DC742271C53A00158E8F /* STCameraController.swift in Sources */,
				0AD1E1F02233A96900FE7101 /* STFirebaseManager.swift in Sources */,
				0AD1E1FE2233B6C100FE7101 /* STRouting.swift in Sources */,
				0AEDBBA322514E45000CE43F /* STSettingsVC.swift in Sources */,
				0AD1E1F42233AA9D00FE7101 /* STApp.swift in Sources */,
				0AD1E1F22233A9CA00FE7101 /* STAppContext.swift in Sources */,
				0ADDF696227AF9EB00F5B50A /* STGoogleTranslator.swift in Sources */,
				0AEDBBA122514B75000CE43F /* STStyleKit.swift in Sources */,
				0AF0DC7222719E5B00158E8F /* STDatabase.swift in Sources */,
				0A05F739227068A800F72B62 /* STTranslation.swift in Sources */,
				0A13093E222A749C0098433D /* AppDelegate.swift in Sources */,
				0AD1E1FC2233B53C00FE7101 /* STButton.swift in Sources */,
				0A05F7362270685A00F72B62 /* STTranslationView.swift in Sources */,
				0A280105223309F00087C228 /* STMainVC.swift in Sources */,
				0AD1E1F72233AE1000FE7101 /* STRouter.swift in Sources */,
				0ADDF698227B2FBB00F5B50A /* STSettingsViewModel.swift in Sources */,
				0AF0DC762271D11E00158E8F /* STFirebaseRecognizer.swift in Sources */,
				0A05F7302270476F00F72B62 /* STAboutVC.swift in Sources */,
				0A05F73422704D2E00F72B62 /* STBookmarksVC.swift in Sources */,
			);
			runOnlyForDeploymentPostprocessing = 0;
		};
		0A13094A222A749E0098433D /* Sources */ = {
			isa = PBXSourcesBuildPhase;
			buildActionMask = 2147483647;
			files = (
				0A130953222A749E0098433D /* SpeakThruTests.swift in Sources */,
			);
			runOnlyForDeploymentPostprocessing = 0;
		};
/* End PBXSourcesBuildPhase section */

/* Begin PBXTargetDependency section */
		0A130950222A749E0098433D /* PBXTargetDependency */ = {
			isa = PBXTargetDependency;
			target = 0A130939222A749C0098433D /* SpeakThru */;
			targetProxy = 0A13094F222A749E0098433D /* PBXContainerItemProxy */;
		};
/* End PBXTargetDependency section */

/* Begin PBXVariantGroup section */
		0A130946222A749E0098433D /* LaunchScreen.storyboard */ = {
			isa = PBXVariantGroup;
			children = (
				0A130947222A749E0098433D /* Base */,
			);
			name = LaunchScreen.storyboard;
			sourceTree = "<group>";
		};
/* End PBXVariantGroup section */

/* Begin XCBuildConfiguration section */
		0A130955222A749E0098433D /* Debug */ = {
			isa = XCBuildConfiguration;
			buildSettings = {
				ALWAYS_SEARCH_USER_PATHS = NO;
				CLANG_ANALYZER_NONNULL = YES;
				CLANG_ANALYZER_NUMBER_OBJECT_CONVERSION = YES_AGGRESSIVE;
				CLANG_CXX_LANGUAGE_STANDARD = "gnu++14";
				CLANG_CXX_LIBRARY = "libc++";
				CLANG_ENABLE_MODULES = YES;
				CLANG_ENABLE_OBJC_ARC = YES;
				CLANG_ENABLE_OBJC_WEAK = YES;
				CLANG_WARN_BLOCK_CAPTURE_AUTORELEASING = YES;
				CLANG_WARN_BOOL_CONVERSION = YES;
				CLANG_WARN_COMMA = YES;
				CLANG_WARN_CONSTANT_CONVERSION = YES;
				CLANG_WARN_DEPRECATED_OBJC_IMPLEMENTATIONS = YES;
				CLANG_WARN_DIRECT_OBJC_ISA_USAGE = YES_ERROR;
				CLANG_WARN_DOCUMENTATION_COMMENTS = YES;
				CLANG_WARN_EMPTY_BODY = YES;
				CLANG_WARN_ENUM_CONVERSION = YES;
				CLANG_WARN_INFINITE_RECURSION = YES;
				CLANG_WARN_INT_CONVERSION = YES;
				CLANG_WARN_NON_LITERAL_NULL_CONVERSION = YES;
				CLANG_WARN_OBJC_IMPLICIT_RETAIN_SELF = YES;
				CLANG_WARN_OBJC_LITERAL_CONVERSION = YES;
				CLANG_WARN_OBJC_ROOT_CLASS = YES_ERROR;
				CLANG_WARN_RANGE_LOOP_ANALYSIS = YES;
				CLANG_WARN_STRICT_PROTOTYPES = YES;
				CLANG_WARN_SUSPICIOUS_MOVE = YES;
				CLANG_WARN_UNGUARDED_AVAILABILITY = YES_AGGRESSIVE;
				CLANG_WARN_UNREACHABLE_CODE = YES;
				CLANG_WARN__DUPLICATE_METHOD_MATCH = YES;
				CODE_SIGN_IDENTITY = "iPhone Developer";
				COPY_PHASE_STRIP = NO;
				DEBUG_INFORMATION_FORMAT = dwarf;
				ENABLE_STRICT_OBJC_MSGSEND = YES;
				ENABLE_TESTABILITY = YES;
				GCC_C_LANGUAGE_STANDARD = gnu11;
				GCC_DYNAMIC_NO_PIC = NO;
				GCC_NO_COMMON_BLOCKS = YES;
				GCC_OPTIMIZATION_LEVEL = 0;
				GCC_PREPROCESSOR_DEFINITIONS = (
					"DEBUG=1",
					"$(inherited)",
				);
				GCC_WARN_64_TO_32_BIT_CONVERSION = YES;
				GCC_WARN_ABOUT_RETURN_TYPE = YES_ERROR;
				GCC_WARN_UNDECLARED_SELECTOR = YES;
				GCC_WARN_UNINITIALIZED_AUTOS = YES_AGGRESSIVE;
				GCC_WARN_UNUSED_FUNCTION = YES;
				GCC_WARN_UNUSED_VARIABLE = YES;
				IPHONEOS_DEPLOYMENT_TARGET = 12.0;
				MTL_ENABLE_DEBUG_INFO = INCLUDE_SOURCE;
				MTL_FAST_MATH = YES;
				ONLY_ACTIVE_ARCH = YES;
				SDKROOT = iphoneos;
				SWIFT_ACTIVE_COMPILATION_CONDITIONS = DEBUG;
				SWIFT_OPTIMIZATION_LEVEL = "-Onone";
			};
			name = Debug;
		};
		0A130956222A749E0098433D /* Release */ = {
			isa = XCBuildConfiguration;
			buildSettings = {
				ALWAYS_SEARCH_USER_PATHS = NO;
				CLANG_ANALYZER_NONNULL = YES;
				CLANG_ANALYZER_NUMBER_OBJECT_CONVERSION = YES_AGGRESSIVE;
				CLANG_CXX_LANGUAGE_STANDARD = "gnu++14";
				CLANG_CXX_LIBRARY = "libc++";
				CLANG_ENABLE_MODULES = YES;
				CLANG_ENABLE_OBJC_ARC = YES;
				CLANG_ENABLE_OBJC_WEAK = YES;
				CLANG_WARN_BLOCK_CAPTURE_AUTORELEASING = YES;
				CLANG_WARN_BOOL_CONVERSION = YES;
				CLANG_WARN_COMMA = YES;
				CLANG_WARN_CONSTANT_CONVERSION = YES;
				CLANG_WARN_DEPRECATED_OBJC_IMPLEMENTATIONS = YES;
				CLANG_WARN_DIRECT_OBJC_ISA_USAGE = YES_ERROR;
				CLANG_WARN_DOCUMENTATION_COMMENTS = YES;
				CLANG_WARN_EMPTY_BODY = YES;
				CLANG_WARN_ENUM_CONVERSION = YES;
				CLANG_WARN_INFINITE_RECURSION = YES;
				CLANG_WARN_INT_CONVERSION = YES;
				CLANG_WARN_NON_LITERAL_NULL_CONVERSION = YES;
				CLANG_WARN_OBJC_IMPLICIT_RETAIN_SELF = YES;
				CLANG_WARN_OBJC_LITERAL_CONVERSION = YES;
				CLANG_WARN_OBJC_ROOT_CLASS = YES_ERROR;
				CLANG_WARN_RANGE_LOOP_ANALYSIS = YES;
				CLANG_WARN_STRICT_PROTOTYPES = YES;
				CLANG_WARN_SUSPICIOUS_MOVE = YES;
				CLANG_WARN_UNGUARDED_AVAILABILITY = YES_AGGRESSIVE;
				CLANG_WARN_UNREACHABLE_CODE = YES;
				CLANG_WARN__DUPLICATE_METHOD_MATCH = YES;
				CODE_SIGN_IDENTITY = "iPhone Developer";
				COPY_PHASE_STRIP = NO;
				DEBUG_INFORMATION_FORMAT = "dwarf-with-dsym";
				ENABLE_NS_ASSERTIONS = NO;
				ENABLE_STRICT_OBJC_MSGSEND = YES;
				GCC_C_LANGUAGE_STANDARD = gnu11;
				GCC_NO_COMMON_BLOCKS = YES;
				GCC_WARN_64_TO_32_BIT_CONVERSION = YES;
				GCC_WARN_ABOUT_RETURN_TYPE = YES_ERROR;
				GCC_WARN_UNDECLARED_SELECTOR = YES;
				GCC_WARN_UNINITIALIZED_AUTOS = YES_AGGRESSIVE;
				GCC_WARN_UNUSED_FUNCTION = YES;
				GCC_WARN_UNUSED_VARIABLE = YES;
				IPHONEOS_DEPLOYMENT_TARGET = 12.0;
				MTL_ENABLE_DEBUG_INFO = NO;
				MTL_FAST_MATH = YES;
				SDKROOT = iphoneos;
				SWIFT_COMPILATION_MODE = wholemodule;
				SWIFT_OPTIMIZATION_LEVEL = "-O";
				VALIDATE_PRODUCT = YES;
			};
			name = Release;
		};
		0A130958222A749E0098433D /* Debug */ = {
			isa = XCBuildConfiguration;
			baseConfigurationReference = 475F318D136623AD2DBAC4CC /* Pods-SpeakThru.debug.xcconfig */;
			buildSettings = {
				ASSETCATALOG_COMPILER_APPICON_NAME = AppIcon;
				CODE_SIGN_STYLE = Automatic;
				DEVELOPMENT_TEAM = 7H58X7JTPY;
				INFOPLIST_FILE = SpeakThru/Info.plist;
				IPHONEOS_DEPLOYMENT_TARGET = 11.0;
				LD_RUNPATH_SEARCH_PATHS = (
					"$(inherited)",
					"@executable_path/Frameworks",
				);
				PRODUCT_BUNDLE_IDENTIFIER = klabertants.SpeakThru;
				PRODUCT_NAME = "$(TARGET_NAME)";
				SWIFT_VERSION = 4.2;
				TARGETED_DEVICE_FAMILY = "1,2";
			};
			name = Debug;
		};
		0A130959222A749E0098433D /* Release */ = {
			isa = XCBuildConfiguration;
			baseConfigurationReference = 948F426638F81E8F47511E1C /* Pods-SpeakThru.release.xcconfig */;
			buildSettings = {
				ASSETCATALOG_COMPILER_APPICON_NAME = AppIcon;
				CODE_SIGN_STYLE = Automatic;
				DEVELOPMENT_TEAM = 7H58X7JTPY;
				INFOPLIST_FILE = SpeakThru/Info.plist;
				IPHONEOS_DEPLOYMENT_TARGET = 11.0;
				LD_RUNPATH_SEARCH_PATHS = (
					"$(inherited)",
					"@executable_path/Frameworks",
				);
				PRODUCT_BUNDLE_IDENTIFIER = klabertants.SpeakThru;
				PRODUCT_NAME = "$(TARGET_NAME)";
				SWIFT_VERSION = 4.2;
				TARGETED_DEVICE_FAMILY = "1,2";
			};
			name = Release;
		};
		0A13095B222A749E0098433D /* Debug */ = {
			isa = XCBuildConfiguration;
			baseConfigurationReference = DFA2F102ED919490BEE11BC7 /* Pods-SpeakThruTests.debug.xcconfig */;
			buildSettings = {
				ALWAYS_EMBED_SWIFT_STANDARD_LIBRARIES = YES;
				BUNDLE_LOADER = "$(TEST_HOST)";
				CODE_SIGN_STYLE = Automatic;
				DEVELOPMENT_TEAM = 7H58X7JTPY;
				INFOPLIST_FILE = SpeakThruTests/Info.plist;
				LD_RUNPATH_SEARCH_PATHS = (
					"$(inherited)",
					"@executable_path/Frameworks",
					"@loader_path/Frameworks",
				);
				PRODUCT_BUNDLE_IDENTIFIER = klabertants.SpeakThruTests;
				PRODUCT_NAME = "$(TARGET_NAME)";
				SWIFT_VERSION = 4.2;
				TARGETED_DEVICE_FAMILY = "1,2";
				TEST_HOST = "$(BUILT_PRODUCTS_DIR)/SpeakThru.app/SpeakThru";
			};
			name = Debug;
		};
		0A13095C222A749E0098433D /* Release */ = {
			isa = XCBuildConfiguration;
			baseConfigurationReference = F3C936CB57BB27C8E68F2566 /* Pods-SpeakThruTests.release.xcconfig */;
			buildSettings = {
				ALWAYS_EMBED_SWIFT_STANDARD_LIBRARIES = YES;
				BUNDLE_LOADER = "$(TEST_HOST)";
				CODE_SIGN_STYLE = Automatic;
				DEVELOPMENT_TEAM = 7H58X7JTPY;
				INFOPLIST_FILE = SpeakThruTests/Info.plist;
				LD_RUNPATH_SEARCH_PATHS = (
					"$(inherited)",
					"@executable_path/Frameworks",
					"@loader_path/Frameworks",
				);
				PRODUCT_BUNDLE_IDENTIFIER = klabertants.SpeakThruTests;
				PRODUCT_NAME = "$(TARGET_NAME)";
				SWIFT_VERSION = 4.2;
				TARGETED_DEVICE_FAMILY = "1,2";
				TEST_HOST = "$(BUILT_PRODUCTS_DIR)/SpeakThru.app/SpeakThru";
			};
			name = Release;
		};
/* End XCBuildConfiguration section */

/* Begin XCConfigurationList section */
		0A130935222A749C0098433D /* Build configuration list for PBXProject "SpeakThru" */ = {
			isa = XCConfigurationList;
			buildConfigurations = (
				0A130955222A749E0098433D /* Debug */,
				0A130956222A749E0098433D /* Release */,
			);
			defaultConfigurationIsVisible = 0;
			defaultConfigurationName = Release;
		};
		0A130957222A749E0098433D /* Build configuration list for PBXNativeTarget "SpeakThru" */ = {
			isa = XCConfigurationList;
			buildConfigurations = (
				0A130958222A749E0098433D /* Debug */,
				0A130959222A749E0098433D /* Release */,
			);
			defaultConfigurationIsVisible = 0;
			defaultConfigurationName = Release;
		};
		0A13095A222A749E0098433D /* Build configuration list for PBXNativeTarget "SpeakThruTests" */ = {
			isa = XCConfigurationList;
			buildConfigurations = (
				0A13095B222A749E0098433D /* Debug */,
				0A13095C222A749E0098433D /* Release */,
			);
			defaultConfigurationIsVisible = 0;
			defaultConfigurationName = Release;
		};
/* End XCConfigurationList section */
	};
	rootObject = 0A130932222A749C0098433D /* Project object */;
}
